
Microsoft Visual Studio Solution File, Format Version 12.00
# Visual Studio 2013
VisualStudioVersion = 12.0.21005.1
MinimumVisualStudioVersion = 10.0.40219.1
Project("{FAE04EC0-301F-11D3-BF4B-00C04F79EFBC}") = "StudentsManagement.DAO", "StudentsManagement.DAO\StudentsManagement.DAO.csproj", "{4D30DD74-9B9D-4976-9EBB-1136B2CEB147}"
EndProject
Project("{FAE04EC0-301F-11D3-BF4B-00C04F79EFBC}") = "StudentsManagement.WebApp", "StudentsManagement.WebApp\StudentsManagement.WebApp.csproj", "{54D5680D-3951-4AE4-8B31-2BE596ADB9FD}"
EndProject
Global
	GlobalSection(SolutionConfigurationPlatforms) = preSolution
		Debug|Any CPU = Debug|Any CPU
		Release|Any CPU = Release|Any CPU
	EndGlobalSection
	GlobalSection(ProjectConfigurationPlatforms) = postSolution
		{4D30DD74-9B9D-4976-9EBB-1136B2CEB147}.Debug|Any CPU.ActiveCfg = Debug|Any CPU
		{4D30DD74-9B9D-4976-9EBB-1136B2CEB147}.Debug|Any CPU.Build.0 = Debug|Any CPU
		{4D30DD74-9B9D-4976-9EBB-1136B2CEB147}.Release|Any CPU.ActiveCfg = Release|Any CPU
		{4D30DD74-9B9D-4976-9EBB-1136B2CEB147}.Release|Any CPU.Build.0 = Release|Any CPU
		{54D5680D-3951-4AE4-8B31-2BE596ADB9FD}.Debug|Any CPU.ActiveCfg = Debug|Any CPU
		{54D5680D-3951-4AE4-8B31-2BE596ADB9FD}.Debug|Any CPU.Build.0 = Debug|Any CPU
		{54D5680D-3951-4AE4-8B31-2BE596ADB9FD}.Release|Any CPU.ActiveCfg = Release|Any CPU
		{54D5680D-3951-4AE4-8B31-2BE596ADB9FD}.Release|Any CPU.Build.0 = Release|Any CPU
	EndGlobalSection
	GlobalSection(SolutionProperties) = preSolution
		HideSolutionNode = FALSE
	EndGlobalSection
EndGlobal
